// !$*UTF8*$!
{
	archiveVersion = 1;
	classes = {
	};
	objectVersion = 46;
	objects = {

/* Begin PBXBuildFile section */
		BD1ED9301B870ED70035D46C /* AppDelegate.swift in Sources */ = {isa = PBXBuildFile; fileRef = BD1ED92F1B870ED70035D46C /* AppDelegate.swift */; };
		BD1ED9321B870ED70035D46C /* ViewController.swift in Sources */ = {isa = PBXBuildFile; fileRef = BD1ED9311B870ED70035D46C /* ViewController.swift */; };
		BD1ED9351B870ED70035D46C /* Main.storyboard in Resources */ = {isa = PBXBuildFile; fileRef = BD1ED9331B870ED70035D46C /* Main.storyboard */; };
		BD1ED9371B870ED70035D46C /* Images.xcassets in Resources */ = {isa = PBXBuildFile; fileRef = BD1ED9361B870ED70035D46C /* Images.xcassets */; };
		BD1ED93A1B870ED70035D46C /* LaunchScreen.xib in Resources */ = {isa = PBXBuildFile; fileRef = BD1ED9381B870ED70035D46C /* LaunchScreen.xib */; };
		BD1ED9461B870ED70035D46C /* MAGPagedScrollViewDemoTests.swift in Sources */ = {isa = PBXBuildFile; fileRef = BD1ED9451B870ED70035D46C /* MAGPagedScrollViewDemoTests.swift */; };
/* End PBXBuildFile section */

/* Begin PBXContainerItemProxy section */
		BD1ED9401B870ED70035D46C /* PBXContainerItemProxy */ = {
			isa = PBXContainerItemProxy;
			containerPortal = BD1ED9221B870ED70035D46C /* Project object */;
			proxyType = 1;
			remoteGlobalIDString = BD1ED9291B870ED70035D46C;
			remoteInfo = MAGPagedScrollViewDemo;
		};
/* End PBXContainerItemProxy section */

/* Begin PBXFileReference section */
		BD1ED92A1B870ED70035D46C /* MAGPagedScrollViewDemo.app */ = {isa = PBXFileReference; explicitFileType = wrapper.application; includeInIndex = 0; path = MAGPagedScrollViewDemo.app; sourceTree = BUILT_PRODUCTS_DIR; };
		BD1ED92E1B870ED70035D46C /* Info.plist */ = {isa = PBXFileReference; lastKnownFileType = text.plist.xml; path = Info.plist; sourceTree = "<group>"; };
		BD1ED92F1B870ED70035D46C /* AppDelegate.swift */ = {isa = PBXFileReference; lastKnownFileType = sourcecode.swift; path = AppDelegate.swift; sourceTree = "<group>"; };
		BD1ED9311B870ED70035D46C /* ViewController.swift */ = {isa = PBXFileReference; lastKnownFileType = sourcecode.swift; path = ViewController.swift; sourceTree = "<group>"; };
		BD1ED9341B870ED70035D46C /* Base */ = {isa = PBXFileReference; lastKnownFileType = file.storyboard; name = Base; path = Base.lproj/Main.storyboard; sourceTree = "<group>"; };
		BD1ED9361B870ED70035D46C /* Images.xcassets */ = {isa = PBXFileReference; lastKnownFileType = folder.assetcatalog; path = Images.xcassets; sourceTree = "<group>"; };
		BD1ED9391B870ED70035D46C /* Base */ = {isa = PBXFileReference; lastKnownFileType = file.xib; name = Base; path = Base.lproj/LaunchScreen.xib; sourceTree = "<group>"; };
		BD1ED93F1B870ED70035D46C /* MAGPagedScrollViewDemoTests.xctest */ = {isa = PBXFileReference; explicitFileType = wrapper.cfbundle; includeInIndex = 0; path = MAGPagedScrollViewDemoTests.xctest; sourceTree = BUILT_PRODUCTS_DIR; };
		BD1ED9441B870ED70035D46C /* Info.plist */ = {isa = PBXFileReference; lastKnownFileType = text.plist.xml; path = Info.plist; sourceTree = "<group>"; };
		BD1ED9451B870ED70035D46C /* MAGPagedScrollViewDemoTests.swift */ = {isa = PBXFileReference; lastKnownFileType = sourcecode.swift; path = MAGPagedScrollViewDemoTests.swift; sourceTree = "<group>"; };
/* End PBXFileReference section */

/* Begin PBXFrameworksBuildPhase section */
		BD1ED9271B870ED70035D46C /* Frameworks */ = {
			isa = PBXFrameworksBuildPhase;
			buildActionMask = 2147483647;
			files = (
			);
			runOnlyForDeploymentPostprocessing = 0;
		};
		BD1ED93C1B870ED70035D46C /* Frameworks */ = {
			isa = PBXFrameworksBuildPhase;
			buildActionMask = 2147483647;
			files = (
			);
			runOnlyForDeploymentPostprocessing = 0;
		};
/* End PBXFrameworksBuildPhase section */

/* Begin PBXGroup section */
		BD1ED9211B870ED70035D46C = {
			isa = PBXGroup;
			children = (
				BD1ED92C1B870ED70035D46C /* MAGPagedScrollViewDemo */,
				BD1ED9421B870ED70035D46C /* MAGPagedScrollViewDemoTests */,
				BD1ED92B1B870ED70035D46C /* Products */,
			);
			sourceTree = "<group>";
		};
		BD1ED92B1B870ED70035D46C /* Products */ = {
			isa = PBXGroup;
			children = (
				BD1ED92A1B870ED70035D46C /* MAGPagedScrollViewDemo.app */,
				BD1ED93F1B870ED70035D46C /* MAGPagedScrollViewDemoTests.xctest */,
			);
			name = Products;
			sourceTree = "<group>";
		};
		BD1ED92C1B870ED70035D46C /* MAGPagedScrollViewDemo */ = {
			isa = PBXGroup;
			children = (
				BD1ED92F1B870ED70035D46C /* AppDelegate.swift */,
				BD1ED9311B870ED70035D46C /* ViewController.swift */,
				BD1ED9331B870ED70035D46C /* Main.storyboard */,
				BD1ED9361B870ED70035D46C /* Images.xcassets */,
				BD1ED9381B870ED70035D46C /* LaunchScreen.xib */,
				BD1ED92D1B870ED70035D46C /* Supporting Files */,
			);
			path = MAGPagedScrollViewDemo;
			sourceTree = "<group>";
		};
		BD1ED92D1B870ED70035D46C /* Supporting Files */ = {
			isa = PBXGroup;
			children = (
				BD1ED92E1B870ED70035D46C /* Info.plist */,
			);
			name = "Supporting Files";
			sourceTree = "<group>";
		};
		BD1ED9421B870ED70035D46C /* MAGPagedScrollViewDemoTests */ = {
			isa = PBXGroup;
			children = (
				BD1ED9451B870ED70035D46C /* MAGPagedScrollViewDemoTests.swift */,
				BD1ED9431B870ED70035D46C /* Supporting Files */,
			);
			path = MAGPagedScrollViewDemoTests;
			sourceTree = "<group>";
		};
		BD1ED9431B870ED70035D46C /* Supporting Files */ = {
			isa = PBXGroup;
			children = (
				BD1ED9441B870ED70035D46C /* Info.plist */,
			);
			name = "Supporting Files";
			sourceTree = "<group>";
		};
/* End PBXGroup section */

/* Begin PBXNativeTarget section */
		BD1ED9291B870ED70035D46C /* MAGPagedScrollViewDemo */ = {
			isa = PBXNativeTarget;
			buildConfigurationList = BD1ED9491B870ED70035D46C /* Build configuration list for PBXNativeTarget "MAGPagedScrollViewDemo" */;
			buildPhases = (
				BD1ED9261B870ED70035D46C /* Sources */,
				BD1ED9271B870ED70035D46C /* Frameworks */,
				BD1ED9281B870ED70035D46C /* Resources */,
			);
			buildRules = (
			);
			dependencies = (
			);
			name = MAGPagedScrollViewDemo;
			productName = MAGPagedScrollViewDemo;
			productReference = BD1ED92A1B870ED70035D46C /* MAGPagedScrollViewDemo.app */;
			productType = "com.apple.product-type.application";
		};
		BD1ED93E1B870ED70035D46C /* MAGPagedScrollViewDemoTests */ = {
			isa = PBXNativeTarget;
			buildConfigurationList = BD1ED94C1B870ED70035D46C /* Build configuration list for PBXNativeTarget "MAGPagedScrollViewDemoTests" */;
			buildPhases = (
				BD1ED93B1B870ED70035D46C /* Sources */,
				BD1ED93C1B870ED70035D46C /* Frameworks */,
				BD1ED93D1B870ED70035D46C /* Resources */,
			);
			buildRules = (
			);
			dependencies = (
				BD1ED9411B870ED70035D46C /* PBXTargetDependency */,
			);
			name = MAGPagedScrollViewDemoTests;
			productName = MAGPagedScrollViewDemoTests;
			productReference = BD1ED93F1B870ED70035D46C /* MAGPagedScrollViewDemoTests.xctest */;
			productType = "com.apple.product-type.bundle.unit-test";
		};
/* End PBXNativeTarget section */

/* Begin PBXProject section */
		BD1ED9221B870ED70035D46C /* Project object */ = {
			isa = PBXProject;
			attributes = {
				LastUpgradeCheck = 0640;
				ORGANIZATIONNAME = MadAppGang;
				TargetAttributes = {
					BD1ED9291B870ED70035D46C = {
						CreatedOnToolsVersion = 6.4;
					};
					BD1ED93E1B870ED70035D46C = {
						CreatedOnToolsVersion = 6.4;
						TestTargetID = BD1ED9291B870ED70035D46C;
					};
				};
			};
			buildConfigurationList = BD1ED9251B870ED70035D46C /* Build configuration list for PBXProject "MAGPagedScrollViewDemo" */;
			compatibilityVersion = "Xcode 3.2";
			developmentRegion = English;
			hasScannedForEncodings = 0;
			knownRegions = (
				en,
				Base,
			);
			mainGroup = BD1ED9211B870ED70035D46C;
			productRefGroup = BD1ED92B1B870ED70035D46C /* Products */;
			projectDirPath = "";
			projectRoot = "";
			targets = (
				BD1ED9291B870ED70035D46C /* MAGPagedScrollViewDemo */,
				BD1ED93E1B870ED70035D46C /* MAGPagedScrollViewDemoTests */,
			);
		};
/* End PBXProject section */

/* Begin PBXResourcesBuildPhase section */
		BD1ED9281B870ED70035D46C /* Resources */ = {
			isa = PBXResourcesBuildPhase;
			buildActionMask = 2147483647;
			files = (
				BD1ED9351B870ED70035D46C /* Main.storyboard in Resources */,
				BD1ED93A1B870ED70035D46C /* LaunchScreen.xib in Resources */,
				BD1ED9371B870ED70035D46C /* Images.xcassets in Resources */,
			);
			runOnlyForDeploymentPostprocessing = 0;
		};
		BD1ED93D1B870ED70035D46C /* Resources */ = {
			isa = PBXResourcesBuildPhase;
			buildActionMask = 2147483647;
			files = (
			);
			runOnlyForDeploymentPostprocessing = 0;
		};
/* End PBXResourcesBuildPhase section */

/* Begin PBXSourcesBuildPhase section */
		BD1ED9261B870ED70035D46C /* Sources */ = {
			isa = PBXSourcesBuildPhase;
			buildActionMask = 2147483647;
			files = (
				BD1ED9321B870ED70035D46C /* ViewController.swift in Sources */,
				BD1ED9301B870ED70035D46C /* AppDelegate.swift in Sources */,
			);
			runOnlyForDeploymentPostprocessing = 0;
		};
		BD1ED93B1B870ED70035D46C /* Sources */ = {
			isa = PBXSourcesBuildPhase;
			buildActionMask = 2147483647;
			files = (
				BD1ED9461B870ED70035D46C /* MAGPagedScrollViewDemoTests.swift in Sources */,
			);
			runOnlyForDeploymentPostprocessing = 0;
		};
/* End PBXSourcesBuildPhase section */

/* Begin PBXTargetDependency section */
		BD1ED9411B870ED70035D46C /* PBXTargetDependency */ = {
			isa = PBXTargetDependency;
			target = BD1ED9291B870ED70035D46C /* MAGPagedScrollViewDemo */;
			targetProxy = BD1ED9401B870ED70035D46C /* PBXContainerItemProxy */;
		};
/* End PBXTargetDependency section */

/* Begin PBXVariantGroup section */
		BD1ED9331B870ED70035D46C /* Main.storyboard */ = {
			isa = PBXVariantGroup;
			children = (
				BD1ED9341B870ED70035D46C /* Base */,
			);
			name = Main.storyboard;
			sourceTree = "<group>";
		};
		BD1ED9381B870ED70035D46C /* LaunchScreen.xib */ = {
			isa = PBXVariantGroup;
			children = (
				BD1ED9391B870ED70035D46C /* Base */,
			);
			name = LaunchScreen.xib;
			sourceTree = "<group>";
		};
/* End PBXVariantGroup section */

/* Begin XCBuildConfiguration section */
		BD1ED9471B870ED70035D46C /* Debug */ = {
			isa = XCBuildConfiguration;
			buildSettings = {
				ALWAYS_SEARCH_USER_PATHS = NO;
				CLANG_CXX_LANGUAGE_STANDARD = "gnu++0x";
				CLANG_CXX_LIBRARY = "libc++";
				CLANG_ENABLE_MODULES = YES;
				CLANG_ENABLE_OBJC_ARC = YES;
				CLANG_WARN_BOOL_CONVERSION = YES;
				CLANG_WARN_CONSTANT_CONVERSION = YES;
				CLANG_WARN_DIRECT_OBJC_ISA_USAGE = YES_ERROR;
				CLANG_WARN_EMPTY_BODY = YES;
				CLANG_WARN_ENUM_CONVERSION = YES;
				CLANG_WARN_INT_CONVERSION = YES;
				CLANG_WARN_OBJC_ROOT_CLASS = YES_ERROR;
				CLANG_WARN_UNREACHABLE_CODE = YES;
				CLANG_WARN__DUPLICATE_METHOD_MATCH = YES;
				"CODE_SIGN_IDENTITY[sdk=iphoneos*]" = "iPhone Developer";
				COPY_PHASE_STRIP = NO;
				DEBUG_INFORMATION_FORMAT = "dwarf-with-dsym";
				ENABLE_STRICT_OBJC_MSGSEND = YES;
				GCC_C_LANGUAGE_STANDARD = gnu99;
				GCC_DYNAMIC_NO_PIC = NO;
				GCC_NO_COMMON_BLOCKS = YES;
				GCC_OPTIMIZATION_LEVEL = 0;
				GCC_PREPROCESSOR_DEFINITIONS = (
					"DEBUG=1",
					"$(inherited)",
				);
				GCC_SYMBOLS_PRIVATE_EXTERN = NO;
				GCC_WARN_64_TO_32_BIT_CONVERSION = YES;
				GCC_WARN_ABOUT_RETURN_TYPE = YES_ERROR;
				GCC_WARN_UNDECLARED_SELECTOR = YES;
				GCC_WARN_UNINITIALIZED_AUTOS = YES_AGGRESSIVE;
				GCC_WARN_UNUSED_FUNCTION = YES;
				GCC_WARN_UNUSED_VARIABLE = YES;
				IPHONEOS_DEPLOYMENT_TARGET = 8.4;
				MTL_ENABLE_DEBUG_INFO = YES;
				ONLY_ACTIVE_ARCH = YES;
				SDKROOT = iphoneos;
				SWIFT_OPTIMIZATION_LEVEL = "-Onone";
				TARGETED_DEVICE_FAMILY = "1,2";
			};
			name = Debug;
		};
		BD1ED9481B870ED70035D46C /* Release */ = {
			isa = XCBuildConfiguration;
			buildSettings = {
				ALWAYS_SEARCH_USER_PATHS = NO;
				CLANG_CXX_LANGUAGE_STANDARD = "gnu++0x";
				CLANG_CXX_LIBRARY = "libc++";
				CLANG_ENABLE_MODULES = YES;
				CLANG_ENABLE_OBJC_ARC = YES;
				CLANG_WARN_BOOL_CONVERSION = YES;
				CLANG_WARN_CONSTANT_CONVERSION = YES;
				CLANG_WARN_DIRECT_OBJC_ISA_USAGE = YES_ERROR;
				CLANG_WARN_EMPTY_BODY = YES;
				CLANG_WARN_ENUM_CONVERSION = YES;
				CLANG_WARN_INT_CONVERSION = YES;
				CLANG_WARN_OBJC_ROOT_CLASS = YES_ERROR;
				CLANG_WARN_UNREACHABLE_CODE = YES;
				CLANG_WARN__DUPLICATE_METHOD_MATCH = YES;
				"CODE_SIGN_IDENTITY[sdk=iphoneos*]" = "iPhone Developer";
				COPY_PHASE_STRIP = NO;
				DEBUG_INFORMATION_FORMAT = "dwarf-with-dsym";
				ENABLE_NS_ASSERTIONS = NO;
				ENABLE_STRICT_OBJC_MSGSEND = YES;
				GCC_C_LANGUAGE_STANDARD = gnu99;
				GCC_NO_COMMON_BLOCKS = YES;
				GCC_WARN_64_TO_32_BIT_CONVERSION = YES;
				GCC_WARN_ABOUT_RETURN_TYPE = YES_ERROR;
				GCC_WARN_UNDECLARED_SELECTOR = YES;
				GCC_WARN_UNINITIALIZED_AUTOS = YES_AGGRESSIVE;
				GCC_WARN_UNUSED_FUNCTION = YES;
				GCC_WARN_UNUSED_VARIABLE = YES;
				IPHONEOS_DEPLOYMENT_TARGET = 8.4;
				MTL_ENABLE_DEBUG_INFO = NO;
				SDKROOT = iphoneos;
				TARGETED_DEVICE_FAMILY = "1,2";
				VALIDATE_PRODUCT = YES;
			};
			name = Release;
		};
		BD1ED94A1B870ED70035D46C /* Debug */ = {
			isa = XCBuildConfiguration;
			buildSettings = {
				ASSETCATALOG_COMPILER_APPICON_NAME = AppIcon;
				INFOPLIST_FILE = MAGPagedScrollViewDemo/Info.plist;
				LD_RUNPATH_SEARCH_PATHS = "$(inherited) @executable_path/Frameworks";
				PRODUCT_NAME = "$(TARGET_NAME)";
			};
			name = Debug;
		};
		BD1ED94B1B870ED70035D46C /* Release */ = {
			isa = XCBuildConfiguration;
			buildSettings = {
				ASSETCATALOG_COMPILER_APPICON_NAME = AppIcon;
				INFOPLIST_FILE = MAGPagedScrollViewDemo/Info.plist;
				LD_RUNPATH_SEARCH_PATHS = "$(inherited) @executable_path/Frameworks";
				PRODUCT_NAME = "$(TARGET_NAME)";
			};
			name = Release;
		};
		BD1ED94D1B870ED70035D46C /* Debug */ = {
			isa = XCBuildConfiguration;
			buildSettings = {
				BUNDLE_LOADER = "$(TEST_HOST)";
				FRAMEWORK_SEARCH_PATHS = (
					"$(SDKROOT)/Developer/Library/Frameworks",
					"$(inherited)",
				);
				GCC_PREPROCESSOR_DEFINITIONS = (
					"DEBUG=1",
					"$(inherited)",
				);
				INFOPLIST_FILE = MAGPagedScrollViewDemoTests/Info.plist;
				LD_RUNPATH_SEARCH_PATHS = "$(inherited) @executable_path/Frameworks @loader_path/Frameworks";
				PRODUCT_NAME = "$(TARGET_NAME)";
				TEST_HOST = "$(BUILT_PRODUCTS_DIR)/MAGPagedScrollViewDemo.app/MAGPagedScrollViewDemo";
			};
			name = Debug;
		};
		BD1ED94E1B870ED70035D46C /* Release */ = {
			isa = XCBuildConfiguration;
			buildSettings = {
				BUNDLE_LOADER = "$(TEST_HOST)";
				FRAMEWORK_SEARCH_PATHS = (
					"$(SDKROOT)/Developer/Library/Frameworks",
					"$(inherited)",
				);
				INFOPLIST_FILE = MAGPagedScrollViewDemoTests/Info.plist;
				LD_RUNPATH_SEARCH_PATHS = "$(inherited) @executable_path/Frameworks @loader_path/Frameworks";
				PRODUCT_NAME = "$(TARGET_NAME)";
				TEST_HOST = "$(BUILT_PRODUCTS_DIR)/MAGPagedScrollViewDemo.app/MAGPagedScrollViewDemo";
			};
			name = Release;
		};
/* End XCBuildConfiguration section */

/* Begin XCConfigurationList section */
		BD1ED9251B870ED70035D46C /* Build configuration list for PBXProject "MAGPagedScrollViewDemo" */ = {
			isa = XCConfigurationList;
			buildConfigurations = (
				BD1ED9471B870ED70035D46C /* Debug */,
				BD1ED9481B870ED70035D46C /* Release */,
			);
			defaultConfigurationIsVisible = 0;
			defaultConfigurationName = Release;
		};
		BD1ED9491B870ED70035D46C /* Build configuration list for PBXNativeTarget "MAGPagedScrollViewDemo" */ = {
			isa = XCConfigurationList;
			buildConfigurations = (
				BD1ED94A1B870ED70035D46C /* Debug */,
				BD1ED94B1B870ED70035D46C /* Release */,
			);
			defaultConfigurationIsVisible = 0;
		};
		BD1ED94C1B870ED70035D46C /* Build configuration list for PBXNativeTarget "MAGPagedScrollViewDemoTests" */ = {
			isa = XCConfigurationList;
			buildConfigurations = (
				BD1ED94D1B870ED70035D46C /* Debug */,
				BD1ED94E1B870ED70035D46C /* Release */,
			);
			defaultConfigurationIsVisible = 0;
		};
/* End XCConfigurationList section */
	};
	rootObject = BD1ED9221B870ED70035D46C /* Project object */;
}
